// !$*UTF8*$!
{
	archiveVersion = 1;
	classes = {
	};
	objectVersion = 56;
	objects = {

/* Begin PBXBuildFile section */
		18ADAA5C2BD89F550078FA29 /* BiometricMVVM_SwiftUIApp.swift in Sources */ = {isa = PBXBuildFile; fileRef = 18ADAA5B2BD89F550078FA29 /* BiometricMVVM_SwiftUIApp.swift */; };
		18ADAA5E2BD89F550078FA29 /* ContentView.swift in Sources */ = {isa = PBXBuildFile; fileRef = 18ADAA5D2BD89F550078FA29 /* ContentView.swift */; };
		18ADAA602BD89F580078FA29 /* Assets.xcassets in Resources */ = {isa = PBXBuildFile; fileRef = 18ADAA5F2BD89F580078FA29 /* Assets.xcassets */; };
		18ADAA632BD89F580078FA29 /* Preview Assets.xcassets in Resources */ = {isa = PBXBuildFile; fileRef = 18ADAA622BD89F580078FA29 /* Preview Assets.xcassets */; };
		18ADAA702BD8ACFE0078FA29 /* ViewModelBiometric.swift in Sources */ = {isa = PBXBuildFile; fileRef = 18ADAA6F2BD8ACFE0078FA29 /* ViewModelBiometric.swift */; };
/* End PBXBuildFile section */

/* Begin PBXFileReference section */
		18ADAA582BD89F550078FA29 /* BiometricMVVM-SwiftUI.app */ = {isa = PBXFileReference; explicitFileType = wrapper.application; includeInIndex = 0; path = "BiometricMVVM-SwiftUI.app"; sourceTree = BUILT_PRODUCTS_DIR; };
		18ADAA5B2BD89F550078FA29 /* BiometricMVVM_SwiftUIApp.swift */ = {isa = PBXFileReference; lastKnownFileType = sourcecode.swift; path = BiometricMVVM_SwiftUIApp.swift; sourceTree = "<group>"; };
		18ADAA5D2BD89F550078FA29 /* ContentView.swift */ = {isa = PBXFileReference; lastKnownFileType = sourcecode.swift; path = ContentView.swift; sourceTree = "<group>"; };
		18ADAA5F2BD89F580078FA29 /* Assets.xcassets */ = {isa = PBXFileReference; lastKnownFileType = folder.assetcatalog; path = Assets.xcassets; sourceTree = "<group>"; };
		18ADAA622BD89F580078FA29 /* Preview Assets.xcassets */ = {isa = PBXFileReference; lastKnownFileType = folder.assetcatalog; path = "Preview Assets.xcassets"; sourceTree = "<group>"; };
		18ADAA692BD8A9490078FA29 /* Info.plist */ = {isa = PBXFileReference; lastKnownFileType = text.plist; path = Info.plist; sourceTree = "<group>"; };
		18ADAA6F2BD8ACFE0078FA29 /* ViewModelBiometric.swift */ = {isa = PBXFileReference; lastKnownFileType = sourcecode.swift; path = ViewModelBiometric.swift; sourceTree = "<group>"; };
/* End PBXFileReference section */

/* Begin PBXFrameworksBuildPhase section */
		18ADAA552BD89F550078FA29 /* Frameworks */ = {
			isa = PBXFrameworksBuildPhase;
			buildActionMask = 2147483647;
			files = (
			);
			runOnlyForDeploymentPostprocessing = 0;
		};
/* End PBXFrameworksBuildPhase section */

/* Begin PBXGroup section */
		18ADAA4F2BD89F550078FA29 = {
			isa = PBXGroup;
			children = (
				18ADAA5A2BD89F550078FA29 /* BiometricMVVM-SwiftUI */,
				18ADAA592BD89F550078FA29 /* Products */,
			);
			sourceTree = "<group>";
		};
		18ADAA592BD89F550078FA29 /* Products */ = {
			isa = PBXGroup;
			children = (
				18ADAA582BD89F550078FA29 /* BiometricMVVM-SwiftUI.app */,
			);
			name = Products;
			sourceTree = "<group>";
		};
		18ADAA5A2BD89F550078FA29 /* BiometricMVVM-SwiftUI */ = {
			isa = PBXGroup;
			children = (
				18ADAA5B2BD89F550078FA29 /* BiometricMVVM_SwiftUIApp.swift */,
				18ADAA6C2BD8AA580078FA29 /* Model */,
				18ADAA6B2BD8AA530078FA29 /* View */,
				18ADAA6A2BD8AA510078FA29 /* View Model */,
				18ADAA692BD8A9490078FA29 /* Info.plist */,
				18ADAA5F2BD89F580078FA29 /* Assets.xcassets */,
				18ADAA612BD89F580078FA29 /* Preview Content */,
			);
			path = "BiometricMVVM-SwiftUI";
			sourceTree = "<group>";
		};
		18ADAA612BD89F580078FA29 /* Preview Content */ = {
			isa = PBXGroup;
			children = (
				18ADAA622BD89F580078FA29 /* Preview Assets.xcassets */,
			);
			path = "Preview Content";
			sourceTree = "<group>";
		};
		18ADAA6A2BD8AA510078FA29 /* View Model */ = {
			isa = PBXGroup;
			children = (
				18ADAA6F2BD8ACFE0078FA29 /* ViewModelBiometric.swift */,
			);
			path = "View Model";
			sourceTree = "<group>";
		};
		18ADAA6B2BD8AA530078FA29 /* View */ = {
			isa = PBXGroup;
			children = (
				18ADAA5D2BD89F550078FA29 /* ContentView.swift */,
			);
			path = View;
			sourceTree = "<group>";
		};
		18ADAA6C2BD8AA580078FA29 /* Model */ = {
			isa = PBXGroup;
			children = (
			);
			path = Model;
			sourceTree = "<group>";
		};
/* End PBXGroup section */

/* Begin PBXNativeTarget section */
		18ADAA572BD89F550078FA29 /* BiometricMVVM-SwiftUI */ = {
			isa = PBXNativeTarget;
			buildConfigurationList = 18ADAA662BD89F580078FA29 /* Build configuration list for PBXNativeTarget "BiometricMVVM-SwiftUI" */;
			buildPhases = (
				18ADAA542BD89F550078FA29 /* Sources */,
				18ADAA552BD89F550078FA29 /* Frameworks */,
				18ADAA562BD89F550078FA29 /* Resources */,
			);
			buildRules = (
			);
			dependencies = (
			);
			name = "BiometricMVVM-SwiftUI";
			productName = "BiometricMVVM-SwiftUI";
			productReference = 18ADAA582BD89F550078FA29 /* BiometricMVVM-SwiftUI.app */;
			productType = "com.apple.product-type.application";
		};
/* End PBXNativeTarget section */

/* Begin PBXProject section */
		18ADAA502BD89F550078FA29 /* Project object */ = {
			isa = PBXProject;
			attributes = {
				BuildIndependentTargetsInParallel = 1;
				LastSwiftUpdateCheck = 1530;
				LastUpgradeCheck = 1530;
				TargetAttributes = {
					18ADAA572BD89F550078FA29 = {
						CreatedOnToolsVersion = 15.3;
					};
				};
			};
			buildConfigurationList = 18ADAA532BD89F550078FA29 /* Build configuration list for PBXProject "BiometricMVVM-SwiftUI" */;
			compatibilityVersion = "Xcode 14.0";
			developmentRegion = en;
			hasScannedForEncodings = 0;
			knownRegions = (
				en,
				Base,
			);
			mainGroup = 18ADAA4F2BD89F550078FA29;
			productRefGroup = 18ADAA592BD89F550078FA29 /* Products */;
			projectDirPath = "";
			projectRoot = "";
			targets = (
				18ADAA572BD89F550078FA29 /* BiometricMVVM-SwiftUI */,
			);
		};
/* End PBXProject section */

/* Begin PBXResourcesBuildPhase section */
		18ADAA562BD89F550078FA29 /* Resources */ = {
			isa = PBXResourcesBuildPhase;
			buildActionMask = 2147483647;
			files = (
				18ADAA632BD89F580078FA29 /* Preview Assets.xcassets in Resources */,
				18ADAA602BD89F580078FA29 /* Assets.xcassets in Resources */,
			);
			runOnlyForDeploymentPostprocessing = 0;
		};
/* End PBXResourcesBuildPhase section */

/* Begin PBXSourcesBuildPhase section */
		18ADAA542BD89F550078FA29 /* Sources */ = {
			isa = PBXSourcesBuildPhase;
			buildActionMask = 2147483647;
			files = (
				18ADAA5E2BD89F550078FA29 /* ContentView.swift in Sources */,
				18ADAA702BD8ACFE0078FA29 /* ViewModelBiometric.swift in Sources */,
				18ADAA5C2BD89F550078FA29 /* BiometricMVVM_SwiftUIApp.swift in Sources */,
			);
			runOnlyForDeploymentPostprocessing = 0;
		};
/* End PBXSourcesBuildPhase section */

/* Begin XCBuildConfiguration section */
		18ADAA642BD89F580078FA29 /* Debug */ = {
			isa = XCBuildConfiguration;
			buildSettings = {
				ALWAYS_SEARCH_USER_PATHS = NO;
				ASSETCATALOG_COMPILER_GENERATE_SWIFT_ASSET_SYMBOL_EXTENSIONS = YES;
				CLANG_ANALYZER_NONNULL = YES;
				CLANG_ANALYZER_NUMBER_OBJECT_CONVERSION = YES_AGGRESSIVE;
				CLANG_CXX_LANGUAGE_STANDARD = "gnu++20";
				CLANG_ENABLE_MODULES = YES;
				CLANG_ENABLE_OBJC_ARC = YES;
				CLANG_ENABLE_OBJC_WEAK = YES;
				CLANG_WARN_BLOCK_CAPTURE_AUTORELEASING = YES;
				CLANG_WARN_BOOL_CONVERSION = YES;
				CLANG_WARN_COMMA = YES;
				CLANG_WARN_CONSTANT_CONVERSION = YES;
				CLANG_WARN_DEPRECATED_OBJC_IMPLEMENTATIONS = YES;
				CLANG_WARN_DIRECT_OBJC_ISA_USAGE = YES_ERROR;
				CLANG_WARN_DOCUMENTATION_COMMENTS = YES;
				CLANG_WARN_EMPTY_BODY = YES;
				CLANG_WARN_ENUM_CONVERSION = YES;
				CLANG_WARN_INFINITE_RECURSION = YES;
				CLANG_WARN_INT_CONVERSION = YES;
				CLANG_WARN_NON_LITERAL_NULL_CONVERSION = YES;
				CLANG_WARN_OBJC_IMPLICIT_RETAIN_SELF = YES;
				CLANG_WARN_OBJC_LITERAL_CONVERSION = YES;
				CLANG_WARN_OBJC_ROOT_CLASS = YES_ERROR;
				CLANG_WARN_QUOTED_INCLUDE_IN_FRAMEWORK_HEADER = YES;
				CLANG_WARN_RANGE_LOOP_ANALYSIS = YES;
				CLANG_WARN_STRICT_PROTOTYPES = YES;
				CLANG_WARN_SUSPICIOUS_MOVE = YES;
				CLANG_WARN_UNGUARDED_AVAILABILITY = YES_AGGRESSIVE;
				CLANG_WARN_UNREACHABLE_CODE = YES;
				CLANG_WARN__DUPLICATE_METHOD_MATCH = YES;
				COPY_PHASE_STRIP = NO;
				DEBUG_INFORMATION_FORMAT = dwarf;
				ENABLE_STRICT_OBJC_MSGSEND = YES;
				ENABLE_TESTABILITY = YES;
				ENABLE_USER_SCRIPT_SANDBOXING = YES;
				GCC_C_LANGUAGE_STANDARD = gnu17;
				GCC_DYNAMIC_NO_PIC = NO;
				GCC_NO_COMMON_BLOCKS = YES;
				GCC_OPTIMIZATION_LEVEL = 0;
				GCC_PREPROCESSOR_DEFINITIONS = (
					"DEBUG=1",
					"$(inherited)",
				);
				GCC_WARN_64_TO_32_BIT_CONVERSION = YES;
				GCC_WARN_ABOUT_RETURN_TYPE = YES_ERROR;
				GCC_WARN_UNDECLARED_SELECTOR = YES;
				GCC_WARN_UNINITIALIZED_AUTOS = YES_AGGRESSIVE;
				GCC_WARN_UNUSED_FUNCTION = YES;
				GCC_WARN_UNUSED_VARIABLE = YES;
				IPHONEOS_DEPLOYMENT_TARGET = 17.4;
				LOCALIZATION_PREFERS_STRING_CATALOGS = YES;
				MTL_ENABLE_DEBUG_INFO = INCLUDE_SOURCE;
				MTL_FAST_MATH = YES;
				ONLY_ACTIVE_ARCH = YES;
				SDKROOT = iphoneos;
				SWIFT_ACTIVE_COMPILATION_CONDITIONS = "DEBUG $(inherited)";
				SWIFT_OPTIMIZATION_LEVEL = "-Onone";
			};
			name = Debug;
		};
		18ADAA652BD89F580078FA29 /* Release */ = {
			isa = XCBuildConfiguration;
			buildSettings = {
				ALWAYS_SEARCH_USER_PATHS = NO;
				ASSETCATALOG_COMPILER_GENERATE_SWIFT_ASSET_SYMBOL_EXTENSIONS = YES;
				CLANG_ANALYZER_NONNULL = YES;
				CLANG_ANALYZER_NUMBER_OBJECT_CONVERSION = YES_AGGRESSIVE;
				CLANG_CXX_LANGUAGE_STANDARD = "gnu++20";
				CLANG_ENABLE_MODULES = YES;
				CLANG_ENABLE_OBJC_ARC = YES;
				CLANG_ENABLE_OBJC_WEAK = YES;
				CLANG_WARN_BLOCK_CAPTURE_AUTORELEASING = YES;
				CLANG_WARN_BOOL_CONVERSION = YES;
				CLANG_WARN_COMMA = YES;
				CLANG_WARN_CONSTANT_CONVERSION = YES;
				CLANG_WARN_DEPRECATED_OBJC_IMPLEMENTATIONS = YES;
				CLANG_WARN_DIRECT_OBJC_ISA_USAGE = YES_ERROR;
				CLANG_WARN_DOCUMENTATION_COMMENTS = YES;
				CLANG_WARN_EMPTY_BODY = YES;
				CLANG_WARN_ENUM_CONVERSION = YES;
				CLANG_WARN_INFINITE_RECURSION = YES;
				CLANG_WARN_INT_CONVERSION = YES;
				CLANG_WARN_NON_LITERAL_NULL_CONVERSION = YES;
				CLANG_WARN_OBJC_IMPLICIT_RETAIN_SELF = YES;
				CLANG_WARN_OBJC_LITERAL_CONVERSION = YES;
				CLANG_WARN_OBJC_ROOT_CLASS = YES_ERROR;
				CLANG_WARN_QUOTED_INCLUDE_IN_FRAMEWORK_HEADER = YES;
				CLANG_WARN_RANGE_LOOP_ANALYSIS = YES;
				CLANG_WARN_STRICT_PROTOTYPES = YES;
				CLANG_WARN_SUSPICIOUS_MOVE = YES;
				CLANG_WARN_UNGUARDED_AVAILABILITY = YES_AGGRESSIVE;
				CLANG_WARN_UNREACHABLE_CODE = YES;
				CLANG_WARN__DUPLICATE_METHOD_MATCH = YES;
				COPY_PHASE_STRIP = NO;
				DEBUG_INFORMATION_FORMAT = "dwarf-with-dsym";
				ENABLE_NS_ASSERTIONS = NO;
				ENABLE_STRICT_OBJC_MSGSEND = YES;
				ENABLE_USER_SCRIPT_SANDBOXING = YES;
				GCC_C_LANGUAGE_STANDARD = gnu17;
				GCC_NO_COMMON_BLOCKS = YES;
				GCC_WARN_64_TO_32_BIT_CONVERSION = YES;
				GCC_WARN_ABOUT_RETURN_TYPE = YES_ERROR;
				GCC_WARN_UNDECLARED_SELECTOR = YES;
				GCC_WARN_UNINITIALIZED_AUTOS = YES_AGGRESSIVE;
				GCC_WARN_UNUSED_FUNCTION = YES;
				GCC_WARN_UNUSED_VARIABLE = YES;
				IPHONEOS_DEPLOYMENT_TARGET = 17.4;
				LOCALIZATION_PREFERS_STRING_CATALOGS = YES;
				MTL_ENABLE_DEBUG_INFO = NO;
				MTL_FAST_MATH = YES;
				SDKROOT = iphoneos;
				SWIFT_COMPILATION_MODE = wholemodule;
				VALIDATE_PRODUCT = YES;
			};
			name = Release;
		};
		18ADAA672BD89F580078FA29 /* Debug */ = {
			isa = XCBuildConfiguration;
			buildSettings = {
				ASSETCATALOG_COMPILER_APPICON_NAME = AppIcon;
				ASSETCATALOG_COMPILER_GLOBAL_ACCENT_COLOR_NAME = AccentColor;
				CODE_SIGN_STYLE = Automatic;
				CURRENT_PROJECT_VERSION = 1;
				DEVELOPMENT_ASSET_PATHS = "\"BiometricMVVM-SwiftUI/Preview Content\"";
				DEVELOPMENT_TEAM = QSL65SU6PD;
				ENABLE_PREVIEWS = YES;
				GENERATE_INFOPLIST_FILE = YES;
				INFOPLIST_FILE = "BiometricMVVM-SwiftUI/Info.plist";
				INFOPLIST_KEY_NSFaceIDUsageDescription = "Authentication for show secret";
				INFOPLIST_KEY_UIApplicationSceneManifest_Generation = YES;
				INFOPLIST_KEY_UIApplicationSupportsIndirectInputEvents = YES;
				INFOPLIST_KEY_UILaunchScreen_Generation = YES;
				INFOPLIST_KEY_UISupportedInterfaceOrientations_iPad = "UIInterfaceOrientationPortrait UIInterfaceOrientationPortraitUpsideDown UIInterfaceOrientationLandscapeLeft UIInterfaceOrientationLandscapeRight";
				INFOPLIST_KEY_UISupportedInterfaceOrientations_iPhone = "UIInterfaceOrientationPortrait UIInterfaceOrientationLandscapeLeft UIInterfaceOrientationLandscapeRight";
				IPHONEOS_DEPLOYMENT_TARGET = 17.4;
				LD_RUNPATH_SEARCH_PATHS = (
					"$(inherited)",
					"@executable_path/Frameworks",
				);
				MARKETING_VERSION = 1.0;
				PRODUCT_BUNDLE_IDENTIFIER = "com.giByte.BiometricMVVM-SwiftUI";
				PRODUCT_NAME = "$(TARGET_NAME)";
				SWIFT_EMIT_LOC_STRINGS = YES;
				SWIFT_VERSION = 5.0;
				TARGETED_DEVICE_FAMILY = "1,2";
			};
			name = Debug;
		};
		18ADAA682BD89F580078FA29 /* Release */ = {
			isa = XCBuildConfiguration;
			buildSettings = {
				ASSETCATALOG_COMPILER_APPICON_NAME = AppIcon;
				ASSETCATALOG_COMPILER_GLOBAL_ACCENT_COLOR_NAME = AccentColor;
				CODE_SIGN_STYLE = Automatic;
				CURRENT_PROJECT_VERSION = 1;
				DEVELOPMENT_ASSET_PATHS = "\"BiometricMVVM-SwiftUI/Preview Content\"";
				DEVELOPMENT_TEAM = QSL65SU6PD;
				ENABLE_PREVIEWS = YES;
				GENERATE_INFOPLIST_FILE = YES;
				INFOPLIST_FILE = "BiometricMVVM-SwiftUI/Info.plist";
				INFOPLIST_KEY_NSFaceIDUsageDescription = "Authentication for show secret";
				INFOPLIST_KEY_UIApplicationSceneManifest_Generation = YES;
				INFOPLIST_KEY_UIApplicationSupportsIndirectInputEvents = YES;
				INFOPLIST_KEY_UILaunchScreen_Generation = YES;
				INFOPLIST_KEY_UISupportedInterfaceOrientations_iPad = "UIInterfaceOrientationPortrait UIInterfaceOrientationPortraitUpsideDown UIInterfaceOrientationLandscapeLeft UIInterfaceOrientationLandscapeRight";
				INFOPLIST_KEY_UISupportedInterfaceOrientations_iPhone = "UIInterfaceOrientationPortrait UIInterfaceOrientationLandscapeLeft UIInterfaceOrientationLandscapeRight";
				IPHONEOS_DEPLOYMENT_TARGET = 17.4;
				LD_RUNPATH_SEARCH_PATHS = (
					"$(inherited)",
					"@executable_path/Frameworks",
				);
				MARKETING_VERSION = 1.0;
				PRODUCT_BUNDLE_IDENTIFIER = "com.giByte.BiometricMVVM-SwiftUI";
				PRODUCT_NAME = "$(TARGET_NAME)";
				SWIFT_EMIT_LOC_STRINGS = YES;
				SWIFT_VERSION = 5.0;
				TARGETED_DEVICE_FAMILY = "1,2";
			};
			name = Release;
		};
/* End XCBuildConfiguration section */

/* Begin XCConfigurationList section */
		18ADAA532BD89F550078FA29 /* Build configuration list for PBXProject "BiometricMVVM-SwiftUI" */ = {
			isa = XCConfigurationList;
			buildConfigurations = (
				18ADAA642BD89F580078FA29 /* Debug */,
				18ADAA652BD89F580078FA29 /* Release */,
			);
			defaultConfigurationIsVisible = 0;
			defaultConfigurationName = Release;
		};
		18ADAA662BD89F580078FA29 /* Build configuration list for PBXNativeTarget "BiometricMVVM-SwiftUI" */ = {
			isa = XCConfigurationList;
			buildConfigurations = (
				18ADAA672BD89F580078FA29 /* Debug */,
				18ADAA682BD89F580078FA29 /* Release */,
			);
			defaultConfigurationIsVisible = 0;
			defaultConfigurationName = Release;
		};
/* End XCConfigurationList section */
	};
	rootObject = 18ADAA502BD89F550078FA29 /* Project object */;
}
